// !$*UTF8*$!
{
	archiveVersion = 1;
	classes = {
	};
	objectVersion = 46;
	objects = {

/* Begin PBXBuildFile section */
		6A50C1401680DCDD00DC412F /* UIKit.framework in Frameworks */ = {isa = PBXBuildFile; fileRef = 6A50C13F1680DCDD00DC412F /* UIKit.framework */; };
		6A50C1421680DCDD00DC412F /* Foundation.framework in Frameworks */ = {isa = PBXBuildFile; fileRef = 6A50C1411680DCDD00DC412F /* Foundation.framework */; };
		6A50C1441680DCDD00DC412F /* CoreGraphics.framework in Frameworks */ = {isa = PBXBuildFile; fileRef = 6A50C1431680DCDD00DC412F /* CoreGraphics.framework */; };
		6A50C14A1680DCDD00DC412F /* InfoPlist.strings in Resources */ = {isa = PBXBuildFile; fileRef = 6A50C1481680DCDD00DC412F /* InfoPlist.strings */; };
		6A50C14C1680DCDD00DC412F /* main.m in Sources */ = {isa = PBXBuildFile; fileRef = 6A50C14B1680DCDD00DC412F /* main.m */; };
		6A50C1501680DCDD00DC412F /* SIAppDelegate.m in Sources */ = {isa = PBXBuildFile; fileRef = 6A50C14F1680DCDD00DC412F /* SIAppDelegate.m */; };
		6A50C1521680DCDD00DC412F /* Default.png in Resources */ = {isa = PBXBuildFile; fileRef = 6A50C1511680DCDD00DC412F /* Default.png */; };
		6A50C1541680DCDD00DC412F /* Default@2x.png in Resources */ = {isa = PBXBuildFile; fileRef = 6A50C1531680DCDD00DC412F /* Default@2x.png */; };
		6A50C1561680DCDD00DC412F /* Default-568h@2x.png in Resources */ = {isa = PBXBuildFile; fileRef = 6A50C1551680DCDD00DC412F /* Default-568h@2x.png */; };
		6A50C1591680DCDD00DC412F /* MainStoryboard.storyboard in Resources */ = {isa = PBXBuildFile; fileRef = 6A50C1571680DCDD00DC412F /* MainStoryboard.storyboard */; };
		6A50C15C1680DCDD00DC412F /* SINewsFeedController.m in Sources */ = {isa = PBXBuildFile; fileRef = 6A50C15B1680DCDD00DC412F /* SINewsFeedController.m */; };
		6A50C1641680DCDD00DC412F /* SenTestingKit.framework in Frameworks */ = {isa = PBXBuildFile; fileRef = 6A50C1631680DCDD00DC412F /* SenTestingKit.framework */; };
		6A50C1651680DCDD00DC412F /* UIKit.framework in Frameworks */ = {isa = PBXBuildFile; fileRef = 6A50C13F1680DCDD00DC412F /* UIKit.framework */; };
		6A50C1661680DCDD00DC412F /* Foundation.framework in Frameworks */ = {isa = PBXBuildFile; fileRef = 6A50C1411680DCDD00DC412F /* Foundation.framework */; };
		6A50C16E1680DCDD00DC412F /* InfoPlist.strings in Resources */ = {isa = PBXBuildFile; fileRef = 6A50C16C1680DCDD00DC412F /* InfoPlist.strings */; };
		6A50C1711680DCDD00DC412F /* SINewsFeedDataTest.m in Sources */ = {isa = PBXBuildFile; fileRef = 6A50C1701680DCDD00DC412F /* SINewsFeedDataTest.m */; };
		6A50C1DC1680E16F00DC412F /* appicon29.png in Resources */ = {isa = PBXBuildFile; fileRef = 6A50C1CE1680E16F00DC412F /* appicon29.png */; };
		6A50C1DD1680E16F00DC412F /* appicon57.png in Resources */ = {isa = PBXBuildFile; fileRef = 6A50C1CF1680E16F00DC412F /* appicon57.png */; };
		6A50C1DE1680E16F00DC412F /* appicon58.png in Resources */ = {isa = PBXBuildFile; fileRef = 6A50C1D01680E16F00DC412F /* appicon58.png */; };
		6A50C1DF1680E16F00DC412F /* appicon72.png in Resources */ = {isa = PBXBuildFile; fileRef = 6A50C1D11680E16F00DC412F /* appicon72.png */; };
		6A50C1E01680E16F00DC412F /* appicon114.png in Resources */ = {isa = PBXBuildFile; fileRef = 6A50C1D21680E16F00DC412F /* appicon114.png */; };
		6A50C1E11680E16F00DC412F /* camera.png in Resources */ = {isa = PBXBuildFile; fileRef = 6A50C1D31680E16F00DC412F /* camera.png */; };
		6A50C1E21680E16F00DC412F /* home-links.png in Resources */ = {isa = PBXBuildFile; fileRef = 6A50C1D41680E16F00DC412F /* home-links.png */; };
		6A50C1E31680E16F00DC412F /* hungry.png in Resources */ = {isa = PBXBuildFile; fileRef = 6A50C1D51680E16F00DC412F /* hungry.png */; };
		6A50C1E41680E16F00DC412F /* logo.png in Resources */ = {isa = PBXBuildFile; fileRef = 6A50C1D61680E16F00DC412F /* logo.png */; };
		6A50C1E51680E16F00DC412F /* news-feed.png in Resources */ = {isa = PBXBuildFile; fileRef = 6A50C1D71680E16F00DC412F /* news-feed.png */; };
		6A50C1E61680E16F00DC412F /* search.png in Resources */ = {isa = PBXBuildFile; fileRef = 6A50C1D81680E16F00DC412F /* search.png */; };
		6A50C1E71680E16F00DC412F /* spork.png in Resources */ = {isa = PBXBuildFile; fileRef = 6A50C1D91680E16F00DC412F /* spork.png */; };
		6A50C1E81680E16F00DC412F /* sporkers.png in Resources */ = {isa = PBXBuildFile; fileRef = 6A50C1DA1680E16F00DC412F /* sporkers.png */; };
		6A50C1E91680E16F00DC412F /* sporklist.png in Resources */ = {isa = PBXBuildFile; fileRef = 6A50C1DB1680E16F00DC412F /* sporklist.png */; };
		6A50C1F11680E61E00DC412F /* SINewsFeedCell.m in Sources */ = {isa = PBXBuildFile; fileRef = 6A50C1F01680E61E00DC412F /* SINewsFeedCell.m */; };
		6A50C1F51680ECE500DC412F /* SINewsFeedData.m in Sources */ = {isa = PBXBuildFile; fileRef = 6A50C1F41680ECE500DC412F /* SINewsFeedData.m */; };
		6A50C1F61680ECE500DC412F /* SINewsFeedData.m in Sources */ = {isa = PBXBuildFile; fileRef = 6A50C1F41680ECE500DC412F /* SINewsFeedData.m */; };
		6A50C1F81680F45400DC412F /* demo.jpg in Resources */ = {isa = PBXBuildFile; fileRef = 6A50C1F71680F45400DC412F /* demo.jpg */; };
		6A50C1FA1680F53400DC412F /* user.jpg in Resources */ = {isa = PBXBuildFile; fileRef = 6A50C1F91680F53400DC412F /* user.jpg */; };
/* End PBXBuildFile section */

/* Begin PBXContainerItemProxy section */
		6A50C1671680DCDD00DC412F /* PBXContainerItemProxy */ = {
			isa = PBXContainerItemProxy;
			containerPortal = 6A50C1321680DCDD00DC412F /* Project object */;
			proxyType = 1;
			remoteGlobalIDString = 6A50C13A1680DCDD00DC412F;
			remoteInfo = SporkIt;
		};
/* End PBXContainerItemProxy section */

/* Begin PBXFileReference section */
		6A50C13B1680DCDD00DC412F /* SporkIt.app */ = {isa = PBXFileReference; explicitFileType = wrapper.application; includeInIndex = 0; path = SporkIt.app; sourceTree = BUILT_PRODUCTS_DIR; };
		6A50C13F1680DCDD00DC412F /* UIKit.framework */ = {isa = PBXFileReference; lastKnownFileType = wrapper.framework; name = UIKit.framework; path = System/Library/Frameworks/UIKit.framework; sourceTree = SDKROOT; };
		6A50C1411680DCDD00DC412F /* Foundation.framework */ = {isa = PBXFileReference; lastKnownFileType = wrapper.framework; name = Foundation.framework; path = System/Library/Frameworks/Foundation.framework; sourceTree = SDKROOT; };
		6A50C1431680DCDD00DC412F /* CoreGraphics.framework */ = {isa = PBXFileReference; lastKnownFileType = wrapper.framework; name = CoreGraphics.framework; path = System/Library/Frameworks/CoreGraphics.framework; sourceTree = SDKROOT; };
		6A50C1471680DCDD00DC412F /* SporkIt-Info.plist */ = {isa = PBXFileReference; lastKnownFileType = text.plist.xml; path = "SporkIt-Info.plist"; sourceTree = "<group>"; };
		6A50C1491680DCDD00DC412F /* en */ = {isa = PBXFileReference; lastKnownFileType = text.plist.strings; name = en; path = en.lproj/InfoPlist.strings; sourceTree = "<group>"; };
		6A50C14B1680DCDD00DC412F /* main.m */ = {isa = PBXFileReference; lastKnownFileType = sourcecode.c.objc; path = main.m; sourceTree = "<group>"; };
		6A50C14D1680DCDD00DC412F /* SporkIt-Prefix.pch */ = {isa = PBXFileReference; lastKnownFileType = sourcecode.c.h; path = "SporkIt-Prefix.pch"; sourceTree = "<group>"; };
		6A50C14E1680DCDD00DC412F /* SIAppDelegate.h */ = {isa = PBXFileReference; lastKnownFileType = sourcecode.c.h; path = SIAppDelegate.h; sourceTree = "<group>"; };
		6A50C14F1680DCDD00DC412F /* SIAppDelegate.m */ = {isa = PBXFileReference; lastKnownFileType = sourcecode.c.objc; path = SIAppDelegate.m; sourceTree = "<group>"; };
		6A50C1511680DCDD00DC412F /* Default.png */ = {isa = PBXFileReference; lastKnownFileType = image.png; path = Default.png; sourceTree = "<group>"; };
		6A50C1531680DCDD00DC412F /* Default@2x.png */ = {isa = PBXFileReference; lastKnownFileType = image.png; path = "Default@2x.png"; sourceTree = "<group>"; };
		6A50C1551680DCDD00DC412F /* Default-568h@2x.png */ = {isa = PBXFileReference; lastKnownFileType = image.png; path = "Default-568h@2x.png"; sourceTree = "<group>"; };
		6A50C1581680DCDD00DC412F /* en */ = {isa = PBXFileReference; lastKnownFileType = file.storyboard; name = en; path = en.lproj/MainStoryboard.storyboard; sourceTree = "<group>"; };
		6A50C15A1680DCDD00DC412F /* SINewsFeedController.h */ = {isa = PBXFileReference; lastKnownFileType = sourcecode.c.h; path = SINewsFeedController.h; sourceTree = "<group>"; };
		6A50C15B1680DCDD00DC412F /* SINewsFeedController.m */ = {isa = PBXFileReference; lastKnownFileType = sourcecode.c.objc; path = SINewsFeedController.m; sourceTree = "<group>"; };
		6A50C1621680DCDD00DC412F /* SporkItTests.octest */ = {isa = PBXFileReference; explicitFileType = wrapper.cfbundle; includeInIndex = 0; path = SporkItTests.octest; sourceTree = BUILT_PRODUCTS_DIR; };
		6A50C1631680DCDD00DC412F /* SenTestingKit.framework */ = {isa = PBXFileReference; lastKnownFileType = wrapper.framework; name = SenTestingKit.framework; path = Library/Frameworks/SenTestingKit.framework; sourceTree = DEVELOPER_DIR; };
		6A50C16B1680DCDD00DC412F /* SporkItTests-Info.plist */ = {isa = PBXFileReference; lastKnownFileType = text.plist.xml; path = "SporkItTests-Info.plist"; sourceTree = "<group>"; };
		6A50C16D1680DCDD00DC412F /* en */ = {isa = PBXFileReference; lastKnownFileType = text.plist.strings; name = en; path = en.lproj/InfoPlist.strings; sourceTree = "<group>"; };
		6A50C16F1680DCDD00DC412F /* SINewsFeedDataTest.h */ = {isa = PBXFileReference; lastKnownFileType = sourcecode.c.h; path = SINewsFeedDataTest.h; sourceTree = "<group>"; };
		6A50C1701680DCDD00DC412F /* SINewsFeedDataTest.m */ = {isa = PBXFileReference; lastKnownFileType = sourcecode.c.objc; path = SINewsFeedDataTest.m; sourceTree = "<group>"; };
		6A50C1CE1680E16F00DC412F /* appicon29.png */ = {isa = PBXFileReference; lastKnownFileType = image.png; name = appicon29.png; path = Images/appicon29.png; sourceTree = "<group>"; };
		6A50C1CF1680E16F00DC412F /* appicon57.png */ = {isa = PBXFileReference; lastKnownFileType = image.png; name = appicon57.png; path = Images/appicon57.png; sourceTree = "<group>"; };
		6A50C1D01680E16F00DC412F /* appicon58.png */ = {isa = PBXFileReference; lastKnownFileType = image.png; name = appicon58.png; path = Images/appicon58.png; sourceTree = "<group>"; };
		6A50C1D11680E16F00DC412F /* appicon72.png */ = {isa = PBXFileReference; lastKnownFileType = image.png; name = appicon72.png; path = Images/appicon72.png; sourceTree = "<group>"; };
		6A50C1D21680E16F00DC412F /* appicon114.png */ = {isa = PBXFileReference; lastKnownFileType = image.png; name = appicon114.png; path = Images/appicon114.png; sourceTree = "<group>"; };
		6A50C1D31680E16F00DC412F /* camera.png */ = {isa = PBXFileReference; lastKnownFileType = image.png; name = camera.png; path = Images/camera.png; sourceTree = "<group>"; };
		6A50C1D41680E16F00DC412F /* home-links.png */ = {isa = PBXFileReference; lastKnownFileType = image.png; name = "home-links.png"; path = "Images/home-links.png"; sourceTree = "<group>"; };
		6A50C1D51680E16F00DC412F /* hungry.png */ = {isa = PBXFileReference; lastKnownFileType = image.png; name = hungry.png; path = Images/hungry.png; sourceTree = "<group>"; };
		6A50C1D61680E16F00DC412F /* logo.png */ = {isa = PBXFileReference; lastKnownFileType = image.png; name = logo.png; path = Images/logo.png; sourceTree = "<group>"; };
		6A50C1D71680E16F00DC412F /* news-feed.png */ = {isa = PBXFileReference; lastKnownFileType = image.png; name = "news-feed.png"; path = "Images/news-feed.png"; sourceTree = "<group>"; };
		6A50C1D81680E16F00DC412F /* search.png */ = {isa = PBXFileReference; lastKnownFileType = image.png; name = search.png; path = Images/search.png; sourceTree = "<group>"; };
		6A50C1D91680E16F00DC412F /* spork.png */ = {isa = PBXFileReference; lastKnownFileType = image.png; name = spork.png; path = Images/spork.png; sourceTree = "<group>"; };
		6A50C1DA1680E16F00DC412F /* sporkers.png */ = {isa = PBXFileReference; lastKnownFileType = image.png; name = sporkers.png; path = Images/sporkers.png; sourceTree = "<group>"; };
		6A50C1DB1680E16F00DC412F /* sporklist.png */ = {isa = PBXFileReference; lastKnownFileType = image.png; name = sporklist.png; path = Images/sporklist.png; sourceTree = "<group>"; };
		6A50C1EF1680E61E00DC412F /* SINewsFeedCell.h */ = {isa = PBXFileReference; fileEncoding = 4; lastKnownFileType = sourcecode.c.h; path = SINewsFeedCell.h; sourceTree = "<group>"; };
		6A50C1F01680E61E00DC412F /* SINewsFeedCell.m */ = {isa = PBXFileReference; fileEncoding = 4; lastKnownFileType = sourcecode.c.objc; path = SINewsFeedCell.m; sourceTree = "<group>"; };
		6A50C1F31680ECE500DC412F /* SINewsFeedData.h */ = {isa = PBXFileReference; fileEncoding = 4; lastKnownFileType = sourcecode.c.h; path = SINewsFeedData.h; sourceTree = "<group>"; };
		6A50C1F41680ECE500DC412F /* SINewsFeedData.m */ = {isa = PBXFileReference; fileEncoding = 4; lastKnownFileType = sourcecode.c.objc; path = SINewsFeedData.m; sourceTree = "<group>"; };
		6A50C1F71680F45400DC412F /* demo.jpg */ = {isa = PBXFileReference; lastKnownFileType = image.jpeg; name = demo.jpg; path = Images/demo.jpg; sourceTree = "<group>"; };
		6A50C1F91680F53400DC412F /* user.jpg */ = {isa = PBXFileReference; lastKnownFileType = image.jpeg; name = user.jpg; path = Images/user.jpg; sourceTree = "<group>"; };
/* End PBXFileReference section */

/* Begin PBXFrameworksBuildPhase section */
		6A50C1381680DCDD00DC412F /* Frameworks */ = {
			isa = PBXFrameworksBuildPhase;
			buildActionMask = 2147483647;
			files = (
				6A50C1401680DCDD00DC412F /* UIKit.framework in Frameworks */,
				6A50C1421680DCDD00DC412F /* Foundation.framework in Frameworks */,
				6A50C1441680DCDD00DC412F /* CoreGraphics.framework in Frameworks */,
			);
			runOnlyForDeploymentPostprocessing = 0;
		};
		6A50C15E1680DCDD00DC412F /* Frameworks */ = {
			isa = PBXFrameworksBuildPhase;
			buildActionMask = 2147483647;
			files = (
				6A50C1641680DCDD00DC412F /* SenTestingKit.framework in Frameworks */,
				6A50C1651680DCDD00DC412F /* UIKit.framework in Frameworks */,
				6A50C1661680DCDD00DC412F /* Foundation.framework in Frameworks */,
			);
			runOnlyForDeploymentPostprocessing = 0;
		};
/* End PBXFrameworksBuildPhase section */

/* Begin PBXGroup section */
		6A50C1301680DCDD00DC412F = {
			isa = PBXGroup;
			children = (
				6A50C1451680DCDD00DC412F /* SporkIt */,
				6A50C1691680DCDD00DC412F /* SporkItTests */,
				6A50C13E1680DCDD00DC412F /* Frameworks */,
				6A50C13C1680DCDD00DC412F /* Products */,
			);
			sourceTree = "<group>";
		};
		6A50C13C1680DCDD00DC412F /* Products */ = {
			isa = PBXGroup;
			children = (
				6A50C13B1680DCDD00DC412F /* SporkIt.app */,
				6A50C1621680DCDD00DC412F /* SporkItTests.octest */,
			);
			name = Products;
			sourceTree = "<group>";
		};
		6A50C13E1680DCDD00DC412F /* Frameworks */ = {
			isa = PBXGroup;
			children = (
				6A50C13F1680DCDD00DC412F /* UIKit.framework */,
				6A50C1411680DCDD00DC412F /* Foundation.framework */,
				6A50C1431680DCDD00DC412F /* CoreGraphics.framework */,
				6A50C1631680DCDD00DC412F /* SenTestingKit.framework */,
			);
			name = Frameworks;
			sourceTree = "<group>";
		};
		6A50C1451680DCDD00DC412F /* SporkIt */ = {
			isa = PBXGroup;
			children = (
				6A50C1571680DCDD00DC412F /* MainStoryboard.storyboard */,
				6A50C14E1680DCDD00DC412F /* SIAppDelegate.h */,
				6A50C14F1680DCDD00DC412F /* SIAppDelegate.m */,
				6A50C1EF1680E61E00DC412F /* SINewsFeedCell.h */,
				6A50C1F01680E61E00DC412F /* SINewsFeedCell.m */,
				6A50C15A1680DCDD00DC412F /* SINewsFeedController.h */,
				6A50C15B1680DCDD00DC412F /* SINewsFeedController.m */,
				6A50C1F31680ECE500DC412F /* SINewsFeedData.h */,
				6A50C1F41680ECE500DC412F /* SINewsFeedData.m */,
				6A50C1461680DCDD00DC412F /* Supporting Files */,
			);
			path = SporkIt;
			sourceTree = "<group>";
		};
		6A50C1461680DCDD00DC412F /* Supporting Files */ = {
			isa = PBXGroup;
			children = (
				6A50C1F91680F53400DC412F /* user.jpg */,
				6A50C1F71680F45400DC412F /* demo.jpg */,
				6A50C1CE1680E16F00DC412F /* appicon29.png */,
				6A50C1CF1680E16F00DC412F /* appicon57.png */,
				6A50C1D01680E16F00DC412F /* appicon58.png */,
				6A50C1D11680E16F00DC412F /* appicon72.png */,
				6A50C1D21680E16F00DC412F /* appicon114.png */,
				6A50C1D31680E16F00DC412F /* camera.png */,
				6A50C1D41680E16F00DC412F /* home-links.png */,
				6A50C1D51680E16F00DC412F /* hungry.png */,
				6A50C1D61680E16F00DC412F /* logo.png */,
				6A50C1D71680E16F00DC412F /* news-feed.png */,
				6A50C1D81680E16F00DC412F /* search.png */,
				6A50C1D91680E16F00DC412F /* spork.png */,
				6A50C1DA1680E16F00DC412F /* sporkers.png */,
				6A50C1DB1680E16F00DC412F /* sporklist.png */,
				6A50C1471680DCDD00DC412F /* SporkIt-Info.plist */,
				6A50C1481680DCDD00DC412F /* InfoPlist.strings */,
				6A50C14B1680DCDD00DC412F /* main.m */,
				6A50C14D1680DCDD00DC412F /* SporkIt-Prefix.pch */,
				6A50C1511680DCDD00DC412F /* Default.png */,
				6A50C1531680DCDD00DC412F /* Default@2x.png */,
				6A50C1551680DCDD00DC412F /* Default-568h@2x.png */,
			);
			name = "Supporting Files";
			sourceTree = "<group>";
		};
		6A50C1691680DCDD00DC412F /* SporkItTests */ = {
			isa = PBXGroup;
			children = (
				6A50C16F1680DCDD00DC412F /* SINewsFeedDataTest.h */,
				6A50C1701680DCDD00DC412F /* SINewsFeedDataTest.m */,
				6A50C16A1680DCDD00DC412F /* Supporting Files */,
			);
			path = SporkItTests;
			sourceTree = "<group>";
		};
		6A50C16A1680DCDD00DC412F /* Supporting Files */ = {
			isa = PBXGroup;
			children = (
				6A50C16B1680DCDD00DC412F /* SporkItTests-Info.plist */,
				6A50C16C1680DCDD00DC412F /* InfoPlist.strings */,
			);
			name = "Supporting Files";
			sourceTree = "<group>";
		};
/* End PBXGroup section */

/* Begin PBXNativeTarget section */
		6A50C13A1680DCDD00DC412F /* SporkIt */ = {
			isa = PBXNativeTarget;
			buildConfigurationList = 6A50C1741680DCDD00DC412F /* Build configuration list for PBXNativeTarget "SporkIt" */;
			buildPhases = (
				6A50C1371680DCDD00DC412F /* Sources */,
				6A50C1381680DCDD00DC412F /* Frameworks */,
				6A50C1391680DCDD00DC412F /* Resources */,
			);
			buildRules = (
			);
			dependencies = (
			);
			name = SporkIt;
			productName = SporkIt;
			productReference = 6A50C13B1680DCDD00DC412F /* SporkIt.app */;
			productType = "com.apple.product-type.application";
		};
		6A50C1611680DCDD00DC412F /* SporkItTests */ = {
			isa = PBXNativeTarget;
			buildConfigurationList = 6A50C1771680DCDD00DC412F /* Build configuration list for PBXNativeTarget "SporkItTests" */;
			buildPhases = (
				6A50C15D1680DCDD00DC412F /* Sources */,
				6A50C15E1680DCDD00DC412F /* Frameworks */,
				6A50C15F1680DCDD00DC412F /* Resources */,
				6A50C1601680DCDD00DC412F /* ShellScript */,
			);
			buildRules = (
			);
			dependencies = (
				6A50C1681680DCDD00DC412F /* PBXTargetDependency */,
			);
			name = SporkItTests;
			productName = SporkItTests;
			productReference = 6A50C1621680DCDD00DC412F /* SporkItTests.octest */;
			productType = "com.apple.product-type.bundle";
		};
/* End PBXNativeTarget section */

/* Begin PBXProject section */
		6A50C1321680DCDD00DC412F /* Project object */ = {
			isa = PBXProject;
			attributes = {
				CLASSPREFIX = SI;
				LastUpgradeCheck = 0450;
				ORGANIZATIONNAME = SporkinIt;
			};
			buildConfigurationList = 6A50C1351680DCDD00DC412F /* Build configuration list for PBXProject "SporkIt" */;
			compatibilityVersion = "Xcode 3.2";
			developmentRegion = English;
			hasScannedForEncodings = 0;
			knownRegions = (
				en,
			);
			mainGroup = 6A50C1301680DCDD00DC412F;
			productRefGroup = 6A50C13C1680DCDD00DC412F /* Products */;
			projectDirPath = "";
			projectRoot = "";
			targets = (
				6A50C13A1680DCDD00DC412F /* SporkIt */,
				6A50C1611680DCDD00DC412F /* SporkItTests */,
			);
		};
/* End PBXProject section */

/* Begin PBXResourcesBuildPhase section */
		6A50C1391680DCDD00DC412F /* Resources */ = {
			isa = PBXResourcesBuildPhase;
			buildActionMask = 2147483647;
			files = (
				6A50C14A1680DCDD00DC412F /* InfoPlist.strings in Resources */,
				6A50C1521680DCDD00DC412F /* Default.png in Resources */,
				6A50C1541680DCDD00DC412F /* Default@2x.png in Resources */,
				6A50C1561680DCDD00DC412F /* Default-568h@2x.png in Resources */,
				6A50C1591680DCDD00DC412F /* MainStoryboard.storyboard in Resources */,
				6A50C1DC1680E16F00DC412F /* appicon29.png in Resources */,
				6A50C1DD1680E16F00DC412F /* appicon57.png in Resources */,
				6A50C1DE1680E16F00DC412F /* appicon58.png in Resources */,
				6A50C1DF1680E16F00DC412F /* appicon72.png in Resources */,
				6A50C1E01680E16F00DC412F /* appicon114.png in Resources */,
				6A50C1E11680E16F00DC412F /* camera.png in Resources */,
				6A50C1E21680E16F00DC412F /* home-links.png in Resources */,
				6A50C1E31680E16F00DC412F /* hungry.png in Resources */,
				6A50C1E41680E16F00DC412F /* logo.png in Resources */,
				6A50C1E51680E16F00DC412F /* news-feed.png in Resources */,
				6A50C1E61680E16F00DC412F /* search.png in Resources */,
				6A50C1E71680E16F00DC412F /* spork.png in Resources */,
				6A50C1E81680E16F00DC412F /* sporkers.png in Resources */,
				6A50C1E91680E16F00DC412F /* sporklist.png in Resources */,
				6A50C1F81680F45400DC412F /* demo.jpg in Resources */,
				6A50C1FA1680F53400DC412F /* user.jpg in Resources */,
			);
			runOnlyForDeploymentPostprocessing = 0;
		};
		6A50C15F1680DCDD00DC412F /* Resources */ = {
			isa = PBXResourcesBuildPhase;
			buildActionMask = 2147483647;
			files = (
				6A50C16E1680DCDD00DC412F /* InfoPlist.strings in Resources */,
			);
			runOnlyForDeploymentPostprocessing = 0;
		};
/* End PBXResourcesBuildPhase section */

/* Begin PBXShellScriptBuildPhase section */
		6A50C1601680DCDD00DC412F /* ShellScript */ = {
			isa = PBXShellScriptBuildPhase;
			buildActionMask = 2147483647;
			files = (
			);
			inputPaths = (
			);
			outputPaths = (
			);
			runOnlyForDeploymentPostprocessing = 0;
			shellPath = /bin/sh;
			shellScript = "# Run the unit tests in this test bundle.\n\"${SYSTEM_DEVELOPER_DIR}/Tools/RunUnitTests\"\n";
		};
/* End PBXShellScriptBuildPhase section */

/* Begin PBXSourcesBuildPhase section */
		6A50C1371680DCDD00DC412F /* Sources */ = {
			isa = PBXSourcesBuildPhase;
			buildActionMask = 2147483647;
			files = (
				6A50C14C1680DCDD00DC412F /* main.m in Sources */,
				6A50C1501680DCDD00DC412F /* SIAppDelegate.m in Sources */,
				6A50C15C1680DCDD00DC412F /* SINewsFeedController.m in Sources */,
				6A50C1F11680E61E00DC412F /* SINewsFeedCell.m in Sources */,
				6A50C1F51680ECE500DC412F /* SINewsFeedData.m in Sources */,
			);
			runOnlyForDeploymentPostprocessing = 0;
		};
		6A50C15D1680DCDD00DC412F /* Sources */ = {
			isa = PBXSourcesBuildPhase;
			buildActionMask = 2147483647;
			files = (
				6A50C1711680DCDD00DC412F /* SINewsFeedDataTest.m in Sources */,
				6A50C1F61680ECE500DC412F /* SINewsFeedData.m in Sources */,
			);
			runOnlyForDeploymentPostprocessing = 0;
		};
/* End PBXSourcesBuildPhase section */

/* Begin PBXTargetDependency section */
		6A50C1681680DCDD00DC412F /* PBXTargetDependency */ = {
			isa = PBXTargetDependency;
			target = 6A50C13A1680DCDD00DC412F /* SporkIt */;
			targetProxy = 6A50C1671680DCDD00DC412F /* PBXContainerItemProxy */;
		};
/* End PBXTargetDependency section */

/* Begin PBXVariantGroup section */
		6A50C1481680DCDD00DC412F /* InfoPlist.strings */ = {
			isa = PBXVariantGroup;
			children = (
				6A50C1491680DCDD00DC412F /* en */,
			);
			name = InfoPlist.strings;
			sourceTree = "<group>";
		};
		6A50C1571680DCDD00DC412F /* MainStoryboard.storyboard */ = {
			isa = PBXVariantGroup;
			children = (
				6A50C1581680DCDD00DC412F /* en */,
			);
			name = MainStoryboard.storyboard;
			sourceTree = "<group>";
		};
		6A50C16C1680DCDD00DC412F /* InfoPlist.strings */ = {
			isa = PBXVariantGroup;
			children = (
				6A50C16D1680DCDD00DC412F /* en */,
			);
			name = InfoPlist.strings;
			sourceTree = "<group>";
		};
/* End PBXVariantGroup section */

/* Begin XCBuildConfiguration section */
		6A50C1721680DCDD00DC412F /* Debug */ = {
			isa = XCBuildConfiguration;
			buildSettings = {
				ALWAYS_SEARCH_USER_PATHS = NO;
				CLANG_CXX_LANGUAGE_STANDARD = "gnu++0x";
				CLANG_CXX_LIBRARY = "libc++";
				CLANG_ENABLE_OBJC_ARC = YES;
				CLANG_WARN_EMPTY_BODY = YES;
				CLANG_WARN__DUPLICATE_METHOD_MATCH = YES;
				"CODE_SIGN_IDENTITY[sdk=iphoneos*]" = "iPhone Developer";
				COPY_PHASE_STRIP = NO;
				GCC_C_LANGUAGE_STANDARD = gnu99;
				GCC_DYNAMIC_NO_PIC = NO;
				GCC_OPTIMIZATION_LEVEL = 0;
				GCC_PREPROCESSOR_DEFINITIONS = (
					"DEBUG=1",
					"$(inherited)",
				);
				GCC_SYMBOLS_PRIVATE_EXTERN = NO;
				GCC_WARN_ABOUT_RETURN_TYPE = YES;
				GCC_WARN_UNINITIALIZED_AUTOS = YES;
				GCC_WARN_UNUSED_VARIABLE = YES;
				IPHONEOS_DEPLOYMENT_TARGET = 6.0;
				ONLY_ACTIVE_ARCH = YES;
				SDKROOT = iphoneos;
			};
			name = Debug;
		};
		6A50C1731680DCDD00DC412F /* Release */ = {
			isa = XCBuildConfiguration;
			buildSettings = {
				ALWAYS_SEARCH_USER_PATHS = NO;
				CLANG_CXX_LANGUAGE_STANDARD = "gnu++0x";
				CLANG_CXX_LIBRARY = "libc++";
				CLANG_ENABLE_OBJC_ARC = YES;
				CLANG_WARN_EMPTY_BODY = YES;
				CLANG_WARN__DUPLICATE_METHOD_MATCH = YES;
				"CODE_SIGN_IDENTITY[sdk=iphoneos*]" = "iPhone Developer";
				COPY_PHASE_STRIP = YES;
				GCC_C_LANGUAGE_STANDARD = gnu99;
				GCC_WARN_ABOUT_RETURN_TYPE = YES;
				GCC_WARN_UNINITIALIZED_AUTOS = YES;
				GCC_WARN_UNUSED_VARIABLE = YES;
				IPHONEOS_DEPLOYMENT_TARGET = 6.0;
				OTHER_CFLAGS = "-DNS_BLOCK_ASSERTIONS=1";
				SDKROOT = iphoneos;
				VALIDATE_PRODUCT = YES;
			};
			name = Release;
		};
		6A50C1751680DCDD00DC412F /* Debug */ = {
			isa = XCBuildConfiguration;
			buildSettings = {
				GCC_PRECOMPILE_PREFIX_HEADER = YES;
				GCC_PREFIX_HEADER = "SporkIt/SporkIt-Prefix.pch";
				INFOPLIST_FILE = "SporkIt/SporkIt-Info.plist";
				PRODUCT_NAME = "$(TARGET_NAME)";
				WRAPPER_EXTENSION = app;
			};
			name = Debug;
		};
		6A50C1761680DCDD00DC412F /* Release */ = {
			isa = XCBuildConfiguration;
			buildSettings = {
				GCC_PRECOMPILE_PREFIX_HEADER = YES;
				GCC_PREFIX_HEADER = "SporkIt/SporkIt-Prefix.pch";
				INFOPLIST_FILE = "SporkIt/SporkIt-Info.plist";
				PRODUCT_NAME = "$(TARGET_NAME)";
				WRAPPER_EXTENSION = app;
			};
			name = Release;
		};
		6A50C1781680DCDD00DC412F /* Debug */ = {
			isa = XCBuildConfiguration;
			buildSettings = {
				BUNDLE_LOADER = "$(BUILT_PRODUCTS_DIR)/SporkIt.app/SporkIt";
				FRAMEWORK_SEARCH_PATHS = (
					"\"$(SDKROOT)/Developer/Library/Frameworks\"",
					"\"$(DEVELOPER_LIBRARY_DIR)/Frameworks\"",
				);
				GCC_PRECOMPILE_PREFIX_HEADER = YES;
				GCC_PREFIX_HEADER = "SporkIt/SporkIt-Prefix.pch";
				INFOPLIST_FILE = "SporkItTests/SporkItTests-Info.plist";
				PRODUCT_NAME = "$(TARGET_NAME)";
				TEST_HOST = "$(BUNDLE_LOADER)";
				WRAPPER_EXTENSION = octest;
			};
			name = Debug;
		};
		6A50C1791680DCDD00DC412F /* Release */ = {
			isa = XCBuildConfiguration;
			buildSettings = {
				BUNDLE_LOADER = "$(BUILT_PRODUCTS_DIR)/SporkIt.app/SporkIt";
				FRAMEWORK_SEARCH_PATHS = (
					"\"$(SDKROOT)/Developer/Library/Frameworks\"",
					"\"$(DEVELOPER_LIBRARY_DIR)/Frameworks\"",
				);
				GCC_PRECOMPILE_PREFIX_HEADER = YES;
				GCC_PREFIX_HEADER = "SporkIt/SporkIt-Prefix.pch";
				INFOPLIST_FILE = "SporkItTests/SporkItTests-Info.plist";
				PRODUCT_NAME = "$(TARGET_NAME)";
				TEST_HOST = "$(BUNDLE_LOADER)";
				WRAPPER_EXTENSION = octest;
			};
			name = Release;
		};
/* End XCBuildConfiguration section */

/* Begin XCConfigurationList section */
		6A50C1351680DCDD00DC412F /* Build configuration list for PBXProject "SporkIt" */ = {
			isa = XCConfigurationList;
			buildConfigurations = (
				6A50C1721680DCDD00DC412F /* Debug */,
				6A50C1731680DCDD00DC412F /* Release */,
			);
			defaultConfigurationIsVisible = 0;
			defaultConfigurationName = Release;
		};
		6A50C1741680DCDD00DC412F /* Build configuration list for PBXNativeTarget "SporkIt" */ = {
			isa = XCConfigurationList;
			buildConfigurations = (
				6A50C1751680DCDD00DC412F /* Debug */,
				6A50C1761680DCDD00DC412F /* Release */,
			);
			defaultConfigurationIsVisible = 0;
			defaultConfigurationName = Release;
		};
		6A50C1771680DCDD00DC412F /* Build configuration list for PBXNativeTarget "SporkItTests" */ = {
			isa = XCConfigurationList;
			buildConfigurations = (
				6A50C1781680DCDD00DC412F /* Debug */,
				6A50C1791680DCDD00DC412F /* Release */,
			);
			defaultConfigurationIsVisible = 0;
			defaultConfigurationName = Release;
		};
/* End XCConfigurationList section */
	};
	rootObject = 6A50C1321680DCDD00DC412F /* Project object */;
}
